{
    "name": "asyncer-example",
    "version": "1.0.0",
    "lockfileVersion": 3,
    "requires": true,
    "packages": {
        "": {
            "name": "asyncer-example",
            "version": "1.0.0",
            "dependencies": {
                "asyncer": "file:.."
            }
        },
        "..": {
            "version": "1.0.0",
            "license": "MIT",
            "devDependencies": {
                "@types/node": "^20.0.0",
                "rimraf": "^5.0.0",
                "typescript": "^5.0.0"
            },
            "engines": {
                "node": ">=18.0.0"
            }
        },
        "node_modules/asyncer": {
            "resolved": "..",
            "link": true
        }
    }
}
